// !$*UTF8*$!
{
	archiveVersion = 1;
	classes = {
	};
	objectVersion = 46;
	objects = {

/* Begin PBXBuildFile section */
		945B82421ABAFDB300144B33 /* Album.m in Sources */ = {isa = PBXBuildFile; fileRef = 945B82411ABAFDB300144B33 /* Album.m */; };
		945B82451ABB011600144B33 /* XmlParserDelegate.m in Sources */ = {isa = PBXBuildFile; fileRef = 945B82441ABB011600144B33 /* XmlParserDelegate.m */; };
		945B82481ABB145E00144B33 /* AlbumCollectionViewCell.m in Sources */ = {isa = PBXBuildFile; fileRef = 945B82471ABB145E00144B33 /* AlbumCollectionViewCell.m */; };
		9469A9321AB9BEF7000ECE22 /* main.m in Sources */ = {isa = PBXBuildFile; fileRef = 9469A9311AB9BEF7000ECE22 /* main.m */; };
		9469A9351AB9BEF7000ECE22 /* AppDelegate.m in Sources */ = {isa = PBXBuildFile; fileRef = 9469A9341AB9BEF7000ECE22 /* AppDelegate.m */; };
		9469A9381AB9BEF7000ECE22 /* ViewController.m in Sources */ = {isa = PBXBuildFile; fileRef = 9469A9371AB9BEF7000ECE22 /* ViewController.m */; };
		9469A93B1AB9BEF7000ECE22 /* Main.storyboard in Resources */ = {isa = PBXBuildFile; fileRef = 9469A9391AB9BEF7000ECE22 /* Main.storyboard */; };
		9469A93D1AB9BEF7000ECE22 /* Images.xcassets in Resources */ = {isa = PBXBuildFile; fileRef = 9469A93C1AB9BEF7000ECE22 /* Images.xcassets */; };
		9469A9401AB9BEF7000ECE22 /* LaunchScreen.xib in Resources */ = {isa = PBXBuildFile; fileRef = 9469A93E1AB9BEF7000ECE22 /* LaunchScreen.xib */; };
		9469A94C1AB9BEF7000ECE22 /* AppCatMusicalTests.m in Sources */ = {isa = PBXBuildFile; fileRef = 9469A94B1AB9BEF7000ECE22 /* AppCatMusicalTests.m */; };
		9469A9571AB9CBCB000ECE22 /* LoginViewController.m in Sources */ = {isa = PBXBuildFile; fileRef = 9469A9561AB9CBCB000ECE22 /* LoginViewController.m */; };
		9469A9971ABAC813000ECE22 /* DetailViewController.m in Sources */ = {isa = PBXBuildFile; fileRef = 9469A9961ABAC813000ECE22 /* DetailViewController.m */; };
		94D566741ABAE3A700537635 /* LoginManager.m in Sources */ = {isa = PBXBuildFile; fileRef = 94D566731ABAE3A700537635 /* LoginManager.m */; };
		94D566751ABAE6BD00537635 /* AFHTTPRequestOperation.m in Sources */ = {isa = PBXBuildFile; fileRef = 9469A9601ABABFA9000ECE22 /* AFHTTPRequestOperation.m */; };
		94D566761ABAE6BD00537635 /* AFHTTPRequestOperationManager.m in Sources */ = {isa = PBXBuildFile; fileRef = 9469A9621ABABFA9000ECE22 /* AFHTTPRequestOperationManager.m */; };
		94D566771ABAE6BD00537635 /* AFHTTPSessionManager.m in Sources */ = {isa = PBXBuildFile; fileRef = 9469A9641ABABFA9000ECE22 /* AFHTTPSessionManager.m */; };
		94D566781ABAE6BD00537635 /* AFNetworkReachabilityManager.m in Sources */ = {isa = PBXBuildFile; fileRef = 9469A9671ABABFA9000ECE22 /* AFNetworkReachabilityManager.m */; };
		94D566791ABAE6BD00537635 /* AFSecurityPolicy.m in Sources */ = {isa = PBXBuildFile; fileRef = 9469A9691ABABFA9000ECE22 /* AFSecurityPolicy.m */; };
		94D5667A1ABAE6BD00537635 /* AFURLConnectionOperation.m in Sources */ = {isa = PBXBuildFile; fileRef = 9469A96B1ABABFA9000ECE22 /* AFURLConnectionOperation.m */; };
		94D5667B1ABAE6BD00537635 /* AFURLRequestSerialization.m in Sources */ = {isa = PBXBuildFile; fileRef = 9469A96D1ABABFA9000ECE22 /* AFURLRequestSerialization.m */; };
		94D5667C1ABAE6BD00537635 /* AFURLResponseSerialization.m in Sources */ = {isa = PBXBuildFile; fileRef = 9469A96F1ABABFA9000ECE22 /* AFURLResponseSerialization.m */; };
		94D5667D1ABAE6BD00537635 /* AFURLSessionManager.m in Sources */ = {isa = PBXBuildFile; fileRef = 9469A9711ABABFA9000ECE22 /* AFURLSessionManager.m */; };
		94D5667E1ABAE6C600537635 /* AFNetworkActivityIndicatorManager.m in Sources */ = {isa = PBXBuildFile; fileRef = 9469A9741ABABFA9000ECE22 /* AFNetworkActivityIndicatorManager.m */; };
		94D5667F1ABAE6C600537635 /* UIActivityIndicatorView+AFNetworking.m in Sources */ = {isa = PBXBuildFile; fileRef = 9469A9761ABABFA9000ECE22 /* UIActivityIndicatorView+AFNetworking.m */; };
		94D566801ABAE6C600537635 /* UIAlertView+AFNetworking.m in Sources */ = {isa = PBXBuildFile; fileRef = 9469A9781ABABFA9000ECE22 /* UIAlertView+AFNetworking.m */; };
		94D566811ABAE6C600537635 /* UIButton+AFNetworking.m in Sources */ = {isa = PBXBuildFile; fileRef = 9469A97A1ABABFA9000ECE22 /* UIButton+AFNetworking.m */; };
		94D566821ABAE6C600537635 /* UIImageView+AFNetworking.m in Sources */ = {isa = PBXBuildFile; fileRef = 9469A97C1ABABFA9000ECE22 /* UIImageView+AFNetworking.m */; };
		94D566831ABAE6C600537635 /* UIProgressView+AFNetworking.m in Sources */ = {isa = PBXBuildFile; fileRef = 9469A97F1ABABFA9000ECE22 /* UIProgressView+AFNetworking.m */; };
		94D566841ABAE6C600537635 /* UIRefreshControl+AFNetworking.m in Sources */ = {isa = PBXBuildFile; fileRef = 9469A9811ABABFA9000ECE22 /* UIRefreshControl+AFNetworking.m */; };
		94D566851ABAE6C600537635 /* UIWebView+AFNetworking.m in Sources */ = {isa = PBXBuildFile; fileRef = 9469A9831ABABFA9000ECE22 /* UIWebView+AFNetworking.m */; };
/* End PBXBuildFile section */

/* Begin PBXContainerItemProxy section */
		9469A9461AB9BEF7000ECE22 /* PBXContainerItemProxy */ = {
			isa = PBXContainerItemProxy;
			containerPortal = 9469A9241AB9BEF7000ECE22 /* Project object */;
			proxyType = 1;
			remoteGlobalIDString = 9469A92B1AB9BEF7000ECE22;
			remoteInfo = AppCatMusical;
		};
/* End PBXContainerItemProxy section */

/* Begin PBXFileReference section */
		945B82401ABAFDB300144B33 /* Album.h */ = {isa = PBXFileReference; fileEncoding = 4; lastKnownFileType = sourcecode.c.h; path = Album.h; sourceTree = "<group>"; };
		945B82411ABAFDB300144B33 /* Album.m */ = {isa = PBXFileReference; fileEncoding = 4; lastKnownFileType = sourcecode.c.objc; path = Album.m; sourceTree = "<group>"; };
		945B82431ABB011600144B33 /* XmlParserDelegate.h */ = {isa = PBXFileReference; fileEncoding = 4; lastKnownFileType = sourcecode.c.h; path = XmlParserDelegate.h; sourceTree = "<group>"; };
		945B82441ABB011600144B33 /* XmlParserDelegate.m */ = {isa = PBXFileReference; fileEncoding = 4; lastKnownFileType = sourcecode.c.objc; path = XmlParserDelegate.m; sourceTree = "<group>"; };
		945B82461ABB145E00144B33 /* AlbumCollectionViewCell.h */ = {isa = PBXFileReference; fileEncoding = 4; lastKnownFileType = sourcecode.c.h; path = AlbumCollectionViewCell.h; sourceTree = "<group>"; };
		945B82471ABB145E00144B33 /* AlbumCollectionViewCell.m */ = {isa = PBXFileReference; fileEncoding = 4; lastKnownFileType = sourcecode.c.objc; path = AlbumCollectionViewCell.m; sourceTree = "<group>"; };
		9469A92C1AB9BEF7000ECE22 /* AppCatMusical.app */ = {isa = PBXFileReference; explicitFileType = wrapper.application; includeInIndex = 0; path = AppCatMusical.app; sourceTree = BUILT_PRODUCTS_DIR; };
		9469A9301AB9BEF7000ECE22 /* Info.plist */ = {isa = PBXFileReference; lastKnownFileType = text.plist.xml; path = Info.plist; sourceTree = "<group>"; };
		9469A9311AB9BEF7000ECE22 /* main.m */ = {isa = PBXFileReference; lastKnownFileType = sourcecode.c.objc; path = main.m; sourceTree = "<group>"; };
		9469A9331AB9BEF7000ECE22 /* AppDelegate.h */ = {isa = PBXFileReference; lastKnownFileType = sourcecode.c.h; path = AppDelegate.h; sourceTree = "<group>"; };
		9469A9341AB9BEF7000ECE22 /* AppDelegate.m */ = {isa = PBXFileReference; lastKnownFileType = sourcecode.c.objc; path = AppDelegate.m; sourceTree = "<group>"; };
		9469A9361AB9BEF7000ECE22 /* ViewController.h */ = {isa = PBXFileReference; lastKnownFileType = sourcecode.c.h; path = ViewController.h; sourceTree = "<group>"; };
		9469A9371AB9BEF7000ECE22 /* ViewController.m */ = {isa = PBXFileReference; lastKnownFileType = sourcecode.c.objc; path = ViewController.m; sourceTree = "<group>"; };
		9469A93A1AB9BEF7000ECE22 /* Base */ = {isa = PBXFileReference; lastKnownFileType = file.storyboard; name = Base; path = Base.lproj/Main.storyboard; sourceTree = "<group>"; };
		9469A93C1AB9BEF7000ECE22 /* Images.xcassets */ = {isa = PBXFileReference; lastKnownFileType = folder.assetcatalog; path = Images.xcassets; sourceTree = "<group>"; };
		9469A93F1AB9BEF7000ECE22 /* Base */ = {isa = PBXFileReference; lastKnownFileType = file.xib; name = Base; path = Base.lproj/LaunchScreen.xib; sourceTree = "<group>"; };
		9469A9451AB9BEF7000ECE22 /* AppCatMusicalTests.xctest */ = {isa = PBXFileReference; explicitFileType = wrapper.cfbundle; includeInIndex = 0; path = AppCatMusicalTests.xctest; sourceTree = BUILT_PRODUCTS_DIR; };
		9469A94A1AB9BEF7000ECE22 /* Info.plist */ = {isa = PBXFileReference; lastKnownFileType = text.plist.xml; path = Info.plist; sourceTree = "<group>"; };
		9469A94B1AB9BEF7000ECE22 /* AppCatMusicalTests.m */ = {isa = PBXFileReference; lastKnownFileType = sourcecode.c.objc; path = AppCatMusicalTests.m; sourceTree = "<group>"; };
		9469A9551AB9CBCB000ECE22 /* LoginViewController.h */ = {isa = PBXFileReference; fileEncoding = 4; lastKnownFileType = sourcecode.c.h; path = LoginViewController.h; sourceTree = "<group>"; };
		9469A9561AB9CBCB000ECE22 /* LoginViewController.m */ = {isa = PBXFileReference; fileEncoding = 4; lastKnownFileType = sourcecode.c.objc; path = LoginViewController.m; sourceTree = "<group>"; };
		9469A95F1ABABFA9000ECE22 /* AFHTTPRequestOperation.h */ = {isa = PBXFileReference; fileEncoding = 4; lastKnownFileType = sourcecode.c.h; path = AFHTTPRequestOperation.h; sourceTree = "<group>"; };
		9469A9601ABABFA9000ECE22 /* AFHTTPRequestOperation.m */ = {isa = PBXFileReference; fileEncoding = 4; lastKnownFileType = sourcecode.c.objc; path = AFHTTPRequestOperation.m; sourceTree = "<group>"; };
		9469A9611ABABFA9000ECE22 /* AFHTTPRequestOperationManager.h */ = {isa = PBXFileReference; fileEncoding = 4; lastKnownFileType = sourcecode.c.h; path = AFHTTPRequestOperationManager.h; sourceTree = "<group>"; };
		9469A9621ABABFA9000ECE22 /* AFHTTPRequestOperationManager.m */ = {isa = PBXFileReference; fileEncoding = 4; lastKnownFileType = sourcecode.c.objc; path = AFHTTPRequestOperationManager.m; sourceTree = "<group>"; };
		9469A9631ABABFA9000ECE22 /* AFHTTPSessionManager.h */ = {isa = PBXFileReference; fileEncoding = 4; lastKnownFileType = sourcecode.c.h; path = AFHTTPSessionManager.h; sourceTree = "<group>"; };
		9469A9641ABABFA9000ECE22 /* AFHTTPSessionManager.m */ = {isa = PBXFileReference; fileEncoding = 4; lastKnownFileType = sourcecode.c.objc; path = AFHTTPSessionManager.m; sourceTree = "<group>"; };
		9469A9651ABABFA9000ECE22 /* AFNetworking.h */ = {isa = PBXFileReference; fileEncoding = 4; lastKnownFileType = sourcecode.c.h; path = AFNetworking.h; sourceTree = "<group>"; };
		9469A9661ABABFA9000ECE22 /* AFNetworkReachabilityManager.h */ = {isa = PBXFileReference; fileEncoding = 4; lastKnownFileType = sourcecode.c.h; path = AFNetworkReachabilityManager.h; sourceTree = "<group>"; };
		9469A9671ABABFA9000ECE22 /* AFNetworkReachabilityManager.m */ = {isa = PBXFileReference; fileEncoding = 4; lastKnownFileType = sourcecode.c.objc; path = AFNetworkReachabilityManager.m; sourceTree = "<group>"; };
		9469A9681ABABFA9000ECE22 /* AFSecurityPolicy.h */ = {isa = PBXFileReference; fileEncoding = 4; lastKnownFileType = sourcecode.c.h; path = AFSecurityPolicy.h; sourceTree = "<group>"; };
		9469A9691ABABFA9000ECE22 /* AFSecurityPolicy.m */ = {isa = PBXFileReference; fileEncoding = 4; lastKnownFileType = sourcecode.c.objc; path = AFSecurityPolicy.m; sourceTree = "<group>"; };
		9469A96A1ABABFA9000ECE22 /* AFURLConnectionOperation.h */ = {isa = PBXFileReference; fileEncoding = 4; lastKnownFileType = sourcecode.c.h; path = AFURLConnectionOperation.h; sourceTree = "<group>"; };
		9469A96B1ABABFA9000ECE22 /* AFURLConnectionOperation.m */ = {isa = PBXFileReference; fileEncoding = 4; lastKnownFileType = sourcecode.c.objc; path = AFURLConnectionOperation.m; sourceTree = "<group>"; };
		9469A96C1ABABFA9000ECE22 /* AFURLRequestSerialization.h */ = {isa = PBXFileReference; fileEncoding = 4; lastKnownFileType = sourcecode.c.h; path = AFURLRequestSerialization.h; sourceTree = "<group>"; };
		9469A96D1ABABFA9000ECE22 /* AFURLRequestSerialization.m */ = {isa = PBXFileReference; fileEncoding = 4; lastKnownFileType = sourcecode.c.objc; path = AFURLRequestSerialization.m; sourceTree = "<group>"; };
		9469A96E1ABABFA9000ECE22 /* AFURLResponseSerialization.h */ = {isa = PBXFileReference; fileEncoding = 4; lastKnownFileType = sourcecode.c.h; path = AFURLResponseSerialization.h; sourceTree = "<group>"; };
		9469A96F1ABABFA9000ECE22 /* AFURLResponseSerialization.m */ = {isa = PBXFileReference; fileEncoding = 4; lastKnownFileType = sourcecode.c.objc; path = AFURLResponseSerialization.m; sourceTree = "<group>"; };
		9469A9701ABABFA9000ECE22 /* AFURLSessionManager.h */ = {isa = PBXFileReference; fileEncoding = 4; lastKnownFileType = sourcecode.c.h; path = AFURLSessionManager.h; sourceTree = "<group>"; };
		9469A9711ABABFA9000ECE22 /* AFURLSessionManager.m */ = {isa = PBXFileReference; fileEncoding = 4; lastKnownFileType = sourcecode.c.objc; path = AFURLSessionManager.m; sourceTree = "<group>"; };
		9469A9731ABABFA9000ECE22 /* AFNetworkActivityIndicatorManager.h */ = {isa = PBXFileReference; fileEncoding = 4; lastKnownFileType = sourcecode.c.h; path = AFNetworkActivityIndicatorManager.h; sourceTree = "<group>"; };
		9469A9741ABABFA9000ECE22 /* AFNetworkActivityIndicatorManager.m */ = {isa = PBXFileReference; fileEncoding = 4; lastKnownFileType = sourcecode.c.objc; path = AFNetworkActivityIndicatorManager.m; sourceTree = "<group>"; };
		9469A9751ABABFA9000ECE22 /* UIActivityIndicatorView+AFNetworking.h */ = {isa = PBXFileReference; fileEncoding = 4; lastKnownFileType = sourcecode.c.h; path = "UIActivityIndicatorView+AFNetworking.h"; sourceTree = "<group>"; };
		9469A9761ABABFA9000ECE22 /* UIActivityIndicatorView+AFNetworking.m */ = {isa = PBXFileReference; fileEncoding = 4; lastKnownFileType = sourcecode.c.objc; path = "UIActivityIndicatorView+AFNetworking.m"; sourceTree = "<group>"; };
		9469A9771ABABFA9000ECE22 /* UIAlertView+AFNetworking.h */ = {isa = PBXFileReference; fileEncoding = 4; lastKnownFileType = sourcecode.c.h; path = "UIAlertView+AFNetworking.h"; sourceTree = "<group>"; };
		9469A9781ABABFA9000ECE22 /* UIAlertView+AFNetworking.m */ = {isa = PBXFileReference; fileEncoding = 4; lastKnownFileType = sourcecode.c.objc; path = "UIAlertView+AFNetworking.m"; sourceTree = "<group>"; };
		9469A9791ABABFA9000ECE22 /* UIButton+AFNetworking.h */ = {isa = PBXFileReference; fileEncoding = 4; lastKnownFileType = sourcecode.c.h; path = "UIButton+AFNetworking.h"; sourceTree = "<group>"; };
		9469A97A1ABABFA9000ECE22 /* UIButton+AFNetworking.m */ = {isa = PBXFileReference; fileEncoding = 4; lastKnownFileType = sourcecode.c.objc; path = "UIButton+AFNetworking.m"; sourceTree = "<group>"; };
		9469A97B1ABABFA9000ECE22 /* UIImageView+AFNetworking.h */ = {isa = PBXFileReference; fileEncoding = 4; lastKnownFileType = sourcecode.c.h; path = "UIImageView+AFNetworking.h"; sourceTree = "<group>"; };
		9469A97C1ABABFA9000ECE22 /* UIImageView+AFNetworking.m */ = {isa = PBXFileReference; fileEncoding = 4; lastKnownFileType = sourcecode.c.objc; path = "UIImageView+AFNetworking.m"; sourceTree = "<group>"; };
		9469A97D1ABABFA9000ECE22 /* UIKit+AFNetworking.h */ = {isa = PBXFileReference; fileEncoding = 4; lastKnownFileType = sourcecode.c.h; path = "UIKit+AFNetworking.h"; sourceTree = "<group>"; };
		9469A97E1ABABFA9000ECE22 /* UIProgressView+AFNetworking.h */ = {isa = PBXFileReference; fileEncoding = 4; lastKnownFileType = sourcecode.c.h; path = "UIProgressView+AFNetworking.h"; sourceTree = "<group>"; };
		9469A97F1ABABFA9000ECE22 /* UIProgressView+AFNetworking.m */ = {isa = PBXFileReference; fileEncoding = 4; lastKnownFileType = sourcecode.c.objc; path = "UIProgressView+AFNetworking.m"; sourceTree = "<group>"; };
		9469A9801ABABFA9000ECE22 /* UIRefreshControl+AFNetworking.h */ = {isa = PBXFileReference; fileEncoding = 4; lastKnownFileType = sourcecode.c.h; path = "UIRefreshControl+AFNetworking.h"; sourceTree = "<group>"; };
		9469A9811ABABFA9000ECE22 /* UIRefreshControl+AFNetworking.m */ = {isa = PBXFileReference; fileEncoding = 4; lastKnownFileType = sourcecode.c.objc; path = "UIRefreshControl+AFNetworking.m"; sourceTree = "<group>"; };
		9469A9821ABABFA9000ECE22 /* UIWebView+AFNetworking.h */ = {isa = PBXFileReference; fileEncoding = 4; lastKnownFileType = sourcecode.c.h; path = "UIWebView+AFNetworking.h"; sourceTree = "<group>"; };
		9469A9831ABABFA9000ECE22 /* UIWebView+AFNetworking.m */ = {isa = PBXFileReference; fileEncoding = 4; lastKnownFileType = sourcecode.c.objc; path = "UIWebView+AFNetworking.m"; sourceTree = "<group>"; };
		9469A9951ABAC813000ECE22 /* DetailViewController.h */ = {isa = PBXFileReference; fileEncoding = 4; lastKnownFileType = sourcecode.c.h; path = DetailViewController.h; sourceTree = "<group>"; };
		9469A9961ABAC813000ECE22 /* DetailViewController.m */ = {isa = PBXFileReference; fileEncoding = 4; lastKnownFileType = sourcecode.c.objc; path = DetailViewController.m; sourceTree = "<group>"; };
		94D566721ABAE3A700537635 /* LoginManager.h */ = {isa = PBXFileReference; fileEncoding = 4; lastKnownFileType = sourcecode.c.h; path = LoginManager.h; sourceTree = "<group>"; };
		94D566731ABAE3A700537635 /* LoginManager.m */ = {isa = PBXFileReference; fileEncoding = 4; lastKnownFileType = sourcecode.c.objc; path = LoginManager.m; sourceTree = "<group>"; };
/* End PBXFileReference section */

/* Begin PBXFrameworksBuildPhase section */
		9469A9291AB9BEF7000ECE22 /* Frameworks */ = {
			isa = PBXFrameworksBuildPhase;
			buildActionMask = 2147483647;
			files = (
			);
			runOnlyForDeploymentPostprocessing = 0;
		};
		9469A9421AB9BEF7000ECE22 /* Frameworks */ = {
			isa = PBXFrameworksBuildPhase;
			buildActionMask = 2147483647;
			files = (
			);
			runOnlyForDeploymentPostprocessing = 0;
		};
/* End PBXFrameworksBuildPhase section */

/* Begin PBXGroup section */
		9469A9231AB9BEF7000ECE22 = {
			isa = PBXGroup;
			children = (
				9469A92E1AB9BEF7000ECE22 /* AppCatMusical */,
				9469A9481AB9BEF7000ECE22 /* AppCatMusicalTests */,
				9469A92D1AB9BEF7000ECE22 /* Products */,
			);
			sourceTree = "<group>";
		};
		9469A92D1AB9BEF7000ECE22 /* Products */ = {
			isa = PBXGroup;
			children = (
				9469A92C1AB9BEF7000ECE22 /* AppCatMusical.app */,
				9469A9451AB9BEF7000ECE22 /* AppCatMusicalTests.xctest */,
			);
			name = Products;
			sourceTree = "<group>";
		};
		9469A92E1AB9BEF7000ECE22 /* AppCatMusical */ = {
			isa = PBXGroup;
			children = (
				9469A95E1ABABFA9000ECE22 /* AFNetworking */,
				9469A9721ABABFA9000ECE22 /* UIKit+AFNetworking */,
				9469A9331AB9BEF7000ECE22 /* AppDelegate.h */,
				9469A9341AB9BEF7000ECE22 /* AppDelegate.m */,
				9469A9361AB9BEF7000ECE22 /* ViewController.h */,
				9469A9371AB9BEF7000ECE22 /* ViewController.m */,
				9469A9391AB9BEF7000ECE22 /* Main.storyboard */,
				9469A93C1AB9BEF7000ECE22 /* Images.xcassets */,
				9469A93E1AB9BEF7000ECE22 /* LaunchScreen.xib */,
				9469A92F1AB9BEF7000ECE22 /* Supporting Files */,
				9469A9551AB9CBCB000ECE22 /* LoginViewController.h */,
				9469A9561AB9CBCB000ECE22 /* LoginViewController.m */,
				9469A9951ABAC813000ECE22 /* DetailViewController.h */,
				9469A9961ABAC813000ECE22 /* DetailViewController.m */,
				94D566721ABAE3A700537635 /* LoginManager.h */,
				94D566731ABAE3A700537635 /* LoginManager.m */,
				945B82401ABAFDB300144B33 /* Album.h */,
				945B82411ABAFDB300144B33 /* Album.m */,
				945B82431ABB011600144B33 /* XmlParserDelegate.h */,
				945B82441ABB011600144B33 /* XmlParserDelegate.m */,
				945B82461ABB145E00144B33 /* AlbumCollectionViewCell.h */,
				945B82471ABB145E00144B33 /* AlbumCollectionViewCell.m */,
			);
			path = AppCatMusical;
			sourceTree = "<group>";
		};
		9469A92F1AB9BEF7000ECE22 /* Supporting Files */ = {
			isa = PBXGroup;
			children = (
				9469A9301AB9BEF7000ECE22 /* Info.plist */,
				9469A9311AB9BEF7000ECE22 /* main.m */,
			);
			name = "Supporting Files";
			sourceTree = "<group>";
		};
		9469A9481AB9BEF7000ECE22 /* AppCatMusicalTests */ = {
			isa = PBXGroup;
			children = (
				9469A94B1AB9BEF7000ECE22 /* AppCatMusicalTests.m */,
				9469A9491AB9BEF7000ECE22 /* Supporting Files */,
			);
			path = AppCatMusicalTests;
			sourceTree = "<group>";
		};
		9469A9491AB9BEF7000ECE22 /* Supporting Files */ = {
			isa = PBXGroup;
			children = (
				9469A94A1AB9BEF7000ECE22 /* Info.plist */,
			);
			name = "Supporting Files";
			sourceTree = "<group>";
		};
		9469A95E1ABABFA9000ECE22 /* AFNetworking */ = {
			isa = PBXGroup;
			children = (
				9469A95F1ABABFA9000ECE22 /* AFHTTPRequestOperation.h */,
				9469A9601ABABFA9000ECE22 /* AFHTTPRequestOperation.m */,
				9469A9611ABABFA9000ECE22 /* AFHTTPRequestOperationManager.h */,
				9469A9621ABABFA9000ECE22 /* AFHTTPRequestOperationManager.m */,
				9469A9631ABABFA9000ECE22 /* AFHTTPSessionManager.h */,
				9469A9641ABABFA9000ECE22 /* AFHTTPSessionManager.m */,
				9469A9651ABABFA9000ECE22 /* AFNetworking.h */,
				9469A9661ABABFA9000ECE22 /* AFNetworkReachabilityManager.h */,
				9469A9671ABABFA9000ECE22 /* AFNetworkReachabilityManager.m */,
				9469A9681ABABFA9000ECE22 /* AFSecurityPolicy.h */,
				9469A9691ABABFA9000ECE22 /* AFSecurityPolicy.m */,
				9469A96A1ABABFA9000ECE22 /* AFURLConnectionOperation.h */,
				9469A96B1ABABFA9000ECE22 /* AFURLConnectionOperation.m */,
				9469A96C1ABABFA9000ECE22 /* AFURLRequestSerialization.h */,
				9469A96D1ABABFA9000ECE22 /* AFURLRequestSerialization.m */,
				9469A96E1ABABFA9000ECE22 /* AFURLResponseSerialization.h */,
				9469A96F1ABABFA9000ECE22 /* AFURLResponseSerialization.m */,
				9469A9701ABABFA9000ECE22 /* AFURLSessionManager.h */,
				9469A9711ABABFA9000ECE22 /* AFURLSessionManager.m */,
			);
			path = AFNetworking;
			sourceTree = "<group>";
		};
		9469A9721ABABFA9000ECE22 /* UIKit+AFNetworking */ = {
			isa = PBXGroup;
			children = (
				9469A9731ABABFA9000ECE22 /* AFNetworkActivityIndicatorManager.h */,
				9469A9741ABABFA9000ECE22 /* AFNetworkActivityIndicatorManager.m */,
				9469A9751ABABFA9000ECE22 /* UIActivityIndicatorView+AFNetworking.h */,
				9469A9761ABABFA9000ECE22 /* UIActivityIndicatorView+AFNetworking.m */,
				9469A9771ABABFA9000ECE22 /* UIAlertView+AFNetworking.h */,
				9469A9781ABABFA9000ECE22 /* UIAlertView+AFNetworking.m */,
				9469A9791ABABFA9000ECE22 /* UIButton+AFNetworking.h */,
				9469A97A1ABABFA9000ECE22 /* UIButton+AFNetworking.m */,
				9469A97B1ABABFA9000ECE22 /* UIImageView+AFNetworking.h */,
				9469A97C1ABABFA9000ECE22 /* UIImageView+AFNetworking.m */,
				9469A97D1ABABFA9000ECE22 /* UIKit+AFNetworking.h */,
				9469A97E1ABABFA9000ECE22 /* UIProgressView+AFNetworking.h */,
				9469A97F1ABABFA9000ECE22 /* UIProgressView+AFNetworking.m */,
				9469A9801ABABFA9000ECE22 /* UIRefreshControl+AFNetworking.h */,
				9469A9811ABABFA9000ECE22 /* UIRefreshControl+AFNetworking.m */,
				9469A9821ABABFA9000ECE22 /* UIWebView+AFNetworking.h */,
				9469A9831ABABFA9000ECE22 /* UIWebView+AFNetworking.m */,
			);
			path = "UIKit+AFNetworking";
			sourceTree = "<group>";
		};
/* End PBXGroup section */

/* Begin PBXNativeTarget section */
		9469A92B1AB9BEF7000ECE22 /* AppCatMusical */ = {
			isa = PBXNativeTarget;
			buildConfigurationList = 9469A94F1AB9BEF7000ECE22 /* Build configuration list for PBXNativeTarget "AppCatMusical" */;
			buildPhases = (
				9469A9281AB9BEF7000ECE22 /* Sources */,
				9469A9291AB9BEF7000ECE22 /* Frameworks */,
				9469A92A1AB9BEF7000ECE22 /* Resources */,
			);
			buildRules = (
			);
			dependencies = (
			);
			name = AppCatMusical;
			productName = AppCatMusical;
			productReference = 9469A92C1AB9BEF7000ECE22 /* AppCatMusical.app */;
			productType = "com.apple.product-type.application";
		};
		9469A9441AB9BEF7000ECE22 /* AppCatMusicalTests */ = {
			isa = PBXNativeTarget;
			buildConfigurationList = 9469A9521AB9BEF7000ECE22 /* Build configuration list for PBXNativeTarget "AppCatMusicalTests" */;
			buildPhases = (
				9469A9411AB9BEF7000ECE22 /* Sources */,
				9469A9421AB9BEF7000ECE22 /* Frameworks */,
				9469A9431AB9BEF7000ECE22 /* Resources */,
			);
			buildRules = (
			);
			dependencies = (
				9469A9471AB9BEF7000ECE22 /* PBXTargetDependency */,
			);
			name = AppCatMusicalTests;
			productName = AppCatMusicalTests;
			productReference = 9469A9451AB9BEF7000ECE22 /* AppCatMusicalTests.xctest */;
			productType = "com.apple.product-type.bundle.unit-test";
		};
/* End PBXNativeTarget section */

/* Begin PBXProject section */
		9469A9241AB9BEF7000ECE22 /* Project object */ = {
			isa = PBXProject;
			attributes = {
				LastUpgradeCheck = 0600;
				ORGANIZATIONNAME = "RCDSM-Boyer-Celine";
				TargetAttributes = {
					9469A92B1AB9BEF7000ECE22 = {
						CreatedOnToolsVersion = 6.0.1;
					};
					9469A9441AB9BEF7000ECE22 = {
						CreatedOnToolsVersion = 6.0.1;
						TestTargetID = 9469A92B1AB9BEF7000ECE22;
					};
				};
			};
			buildConfigurationList = 9469A9271AB9BEF7000ECE22 /* Build configuration list for PBXProject "AppCatMusical" */;
			compatibilityVersion = "Xcode 3.2";
			developmentRegion = English;
			hasScannedForEncodings = 0;
			knownRegions = (
				en,
				Base,
			);
			mainGroup = 9469A9231AB9BEF7000ECE22;
			productRefGroup = 9469A92D1AB9BEF7000ECE22 /* Products */;
			projectDirPath = "";
			projectRoot = "";
			targets = (
				9469A92B1AB9BEF7000ECE22 /* AppCatMusical */,
				9469A9441AB9BEF7000ECE22 /* AppCatMusicalTests */,
			);
		};
/* End PBXProject section */

/* Begin PBXResourcesBuildPhase section */
		9469A92A1AB9BEF7000ECE22 /* Resources */ = {
			isa = PBXResourcesBuildPhase;
			buildActionMask = 2147483647;
			files = (
				9469A93B1AB9BEF7000ECE22 /* Main.storyboard in Resources */,
				9469A9401AB9BEF7000ECE22 /* LaunchScreen.xib in Resources */,
				9469A93D1AB9BEF7000ECE22 /* Images.xcassets in Resources */,
			);
			runOnlyForDeploymentPostprocessing = 0;
		};
		9469A9431AB9BEF7000ECE22 /* Resources */ = {
			isa = PBXResourcesBuildPhase;
			buildActionMask = 2147483647;
			files = (
			);
			runOnlyForDeploymentPostprocessing = 0;
		};
/* End PBXResourcesBuildPhase section */

/* Begin PBXSourcesBuildPhase section */
		9469A9281AB9BEF7000ECE22 /* Sources */ = {
			isa = PBXSourcesBuildPhase;
			buildActionMask = 2147483647;
			files = (
				94D5667D1ABAE6BD00537635 /* AFURLSessionManager.m in Sources */,
				9469A9571AB9CBCB000ECE22 /* LoginViewController.m in Sources */,
				9469A9381AB9BEF7000ECE22 /* ViewController.m in Sources */,
				945B82421ABAFDB300144B33 /* Album.m in Sources */,
				94D566781ABAE6BD00537635 /* AFNetworkReachabilityManager.m in Sources */,
				94D5667E1ABAE6C600537635 /* AFNetworkActivityIndicatorManager.m in Sources */,
				9469A9971ABAC813000ECE22 /* DetailViewController.m in Sources */,
				94D5667A1ABAE6BD00537635 /* AFURLConnectionOperation.m in Sources */,
				94D566831ABAE6C600537635 /* UIProgressView+AFNetworking.m in Sources */,
				94D566771ABAE6BD00537635 /* AFHTTPSessionManager.m in Sources */,
				945B82451ABB011600144B33 /* XmlParserDelegate.m in Sources */,
				94D5667B1ABAE6BD00537635 /* AFURLRequestSerialization.m in Sources */,
				9469A9351AB9BEF7000ECE22 /* AppDelegate.m in Sources */,
				94D566811ABAE6C600537635 /* UIButton+AFNetworking.m in Sources */,
				94D566821ABAE6C600537635 /* UIImageView+AFNetworking.m in Sources */,
				94D566741ABAE3A700537635 /* LoginManager.m in Sources */,
				9469A9321AB9BEF7000ECE22 /* main.m in Sources */,
				94D566801ABAE6C600537635 /* UIAlertView+AFNetworking.m in Sources */,
				94D566851ABAE6C600537635 /* UIWebView+AFNetworking.m in Sources */,
				94D5667F1ABAE6C600537635 /* UIActivityIndicatorView+AFNetworking.m in Sources */,
				945B82481ABB145E00144B33 /* AlbumCollectionViewCell.m in Sources */,
				94D566761ABAE6BD00537635 /* AFHTTPRequestOperationManager.m in Sources */,
				94D566841ABAE6C600537635 /* UIRefreshControl+AFNetworking.m in Sources */,
				94D566791ABAE6BD00537635 /* AFSecurityPolicy.m in Sources */,
				94D5667C1ABAE6BD00537635 /* AFURLResponseSerialization.m in Sources */,
				94D566751ABAE6BD00537635 /* AFHTTPRequestOperation.m in Sources */,
			);
			runOnlyForDeploymentPostprocessing = 0;
		};
		9469A9411AB9BEF7000ECE22 /* Sources */ = {
			isa = PBXSourcesBuildPhase;
			buildActionMask = 2147483647;
			files = (
				9469A94C1AB9BEF7000ECE22 /* AppCatMusicalTests.m in Sources */,
			);
			runOnlyForDeploymentPostprocessing = 0;
		};
/* End PBXSourcesBuildPhase section */

/* Begin PBXTargetDependency section */
		9469A9471AB9BEF7000ECE22 /* PBXTargetDependency */ = {
			isa = PBXTargetDependency;
			target = 9469A92B1AB9BEF7000ECE22 /* AppCatMusical */;
			targetProxy = 9469A9461AB9BEF7000ECE22 /* PBXContainerItemProxy */;
		};
/* End PBXTargetDependency section */

/* Begin PBXVariantGroup section */
		9469A9391AB9BEF7000ECE22 /* Main.storyboard */ = {
			isa = PBXVariantGroup;
			children = (
				9469A93A1AB9BEF7000ECE22 /* Base */,
			);
			name = Main.storyboard;
			sourceTree = "<group>";
		};
		9469A93E1AB9BEF7000ECE22 /* LaunchScreen.xib */ = {
			isa = PBXVariantGroup;
			children = (
				9469A93F1AB9BEF7000ECE22 /* Base */,
			);
			name = LaunchScreen.xib;
			sourceTree = "<group>";
		};
/* End PBXVariantGroup section */

/* Begin XCBuildConfiguration section */
		9469A94D1AB9BEF7000ECE22 /* Debug */ = {
			isa = XCBuildConfiguration;
			buildSettings = {
				ALWAYS_SEARCH_USER_PATHS = NO;
				CLANG_CXX_LANGUAGE_STANDARD = "gnu++0x";
				CLANG_CXX_LIBRARY = "libc++";
				CLANG_ENABLE_MODULES = YES;
				CLANG_ENABLE_OBJC_ARC = YES;
				CLANG_WARN_BOOL_CONVERSION = YES;
				CLANG_WARN_CONSTANT_CONVERSION = YES;
				CLANG_WARN_DIRECT_OBJC_ISA_USAGE = YES_ERROR;
				CLANG_WARN_EMPTY_BODY = YES;
				CLANG_WARN_ENUM_CONVERSION = YES;
				CLANG_WARN_INT_CONVERSION = YES;
				CLANG_WARN_OBJC_ROOT_CLASS = YES_ERROR;
				CLANG_WARN_UNREACHABLE_CODE = YES;
				CLANG_WARN__DUPLICATE_METHOD_MATCH = YES;
				"CODE_SIGN_IDENTITY[sdk=iphoneos*]" = "iPhone Developer";
				COPY_PHASE_STRIP = NO;
				ENABLE_STRICT_OBJC_MSGSEND = YES;
				GCC_C_LANGUAGE_STANDARD = gnu99;
				GCC_DYNAMIC_NO_PIC = NO;
				GCC_OPTIMIZATION_LEVEL = 0;
				GCC_PREPROCESSOR_DEFINITIONS = (
					"DEBUG=1",
					"$(inherited)",
				);
				GCC_SYMBOLS_PRIVATE_EXTERN = NO;
				GCC_WARN_64_TO_32_BIT_CONVERSION = YES;
				GCC_WARN_ABOUT_RETURN_TYPE = YES_ERROR;
				GCC_WARN_UNDECLARED_SELECTOR = YES;
				GCC_WARN_UNINITIALIZED_AUTOS = YES_AGGRESSIVE;
				GCC_WARN_UNUSED_FUNCTION = YES;
				GCC_WARN_UNUSED_VARIABLE = YES;
				IPHONEOS_DEPLOYMENT_TARGET = 8.0;
				MTL_ENABLE_DEBUG_INFO = YES;
				ONLY_ACTIVE_ARCH = YES;
				SDKROOT = iphoneos;
			};
			name = Debug;
		};
		9469A94E1AB9BEF7000ECE22 /* Release */ = {
			isa = XCBuildConfiguration;
			buildSettings = {
				ALWAYS_SEARCH_USER_PATHS = NO;
				CLANG_CXX_LANGUAGE_STANDARD = "gnu++0x";
				CLANG_CXX_LIBRARY = "libc++";
				CLANG_ENABLE_MODULES = YES;
				CLANG_ENABLE_OBJC_ARC = YES;
				CLANG_WARN_BOOL_CONVERSION = YES;
				CLANG_WARN_CONSTANT_CONVERSION = YES;
				CLANG_WARN_DIRECT_OBJC_ISA_USAGE = YES_ERROR;
				CLANG_WARN_EMPTY_BODY = YES;
				CLANG_WARN_ENUM_CONVERSION = YES;
				CLANG_WARN_INT_CONVERSION = YES;
				CLANG_WARN_OBJC_ROOT_CLASS = YES_ERROR;
				CLANG_WARN_UNREACHABLE_CODE = YES;
				CLANG_WARN__DUPLICATE_METHOD_MATCH = YES;
				"CODE_SIGN_IDENTITY[sdk=iphoneos*]" = "iPhone Developer";
				COPY_PHASE_STRIP = YES;
				ENABLE_NS_ASSERTIONS = NO;
				ENABLE_STRICT_OBJC_MSGSEND = YES;
				GCC_C_LANGUAGE_STANDARD = gnu99;
				GCC_WARN_64_TO_32_BIT_CONVERSION = YES;
				GCC_WARN_ABOUT_RETURN_TYPE = YES_ERROR;
				GCC_WARN_UNDECLARED_SELECTOR = YES;
				GCC_WARN_UNINITIALIZED_AUTOS = YES_AGGRESSIVE;
				GCC_WARN_UNUSED_FUNCTION = YES;
				GCC_WARN_UNUSED_VARIABLE = YES;
				IPHONEOS_DEPLOYMENT_TARGET = 8.0;
				MTL_ENABLE_DEBUG_INFO = NO;
				SDKROOT = iphoneos;
				VALIDATE_PRODUCT = YES;
			};
			name = Release;
		};
		9469A9501AB9BEF7000ECE22 /* Debug */ = {
			isa = XCBuildConfiguration;
			buildSettings = {
				ASSETCATALOG_COMPILER_APPICON_NAME = AppIcon;
				INFOPLIST_FILE = AppCatMusical/Info.plist;
				LD_RUNPATH_SEARCH_PATHS = "$(inherited) @executable_path/Frameworks";
				PRODUCT_NAME = "$(TARGET_NAME)";
			};
			name = Debug;
		};
		9469A9511AB9BEF7000ECE22 /* Release */ = {
			isa = XCBuildConfiguration;
			buildSettings = {
				ASSETCATALOG_COMPILER_APPICON_NAME = AppIcon;
				INFOPLIST_FILE = AppCatMusical/Info.plist;
				LD_RUNPATH_SEARCH_PATHS = "$(inherited) @executable_path/Frameworks";
				PRODUCT_NAME = "$(TARGET_NAME)";
			};
			name = Release;
		};
		9469A9531AB9BEF7000ECE22 /* Debug */ = {
			isa = XCBuildConfiguration;
			buildSettings = {
				BUNDLE_LOADER = "$(TEST_HOST)";
				FRAMEWORK_SEARCH_PATHS = (
					"$(SDKROOT)/Developer/Library/Frameworks",
					"$(inherited)",
				);
				GCC_PREPROCESSOR_DEFINITIONS = (
					"DEBUG=1",
					"$(inherited)",
				);
				INFOPLIST_FILE = AppCatMusicalTests/Info.plist;
				LD_RUNPATH_SEARCH_PATHS = "$(inherited) @executable_path/Frameworks @loader_path/Frameworks";
				PRODUCT_NAME = "$(TARGET_NAME)";
				TEST_HOST = "$(BUILT_PRODUCTS_DIR)/AppCatMusical.app/AppCatMusical";
			};
			name = Debug;
		};
		9469A9541AB9BEF7000ECE22 /* Release */ = {
			isa = XCBuildConfiguration;
			buildSettings = {
				BUNDLE_LOADER = "$(TEST_HOST)";
				FRAMEWORK_SEARCH_PATHS = (
					"$(SDKROOT)/Developer/Library/Frameworks",
					"$(inherited)",
				);
				INFOPLIST_FILE = AppCatMusicalTests/Info.plist;
				LD_RUNPATH_SEARCH_PATHS = "$(inherited) @executable_path/Frameworks @loader_path/Frameworks";
				PRODUCT_NAME = "$(TARGET_NAME)";
				TEST_HOST = "$(BUILT_PRODUCTS_DIR)/AppCatMusical.app/AppCatMusical";
			};
			name = Release;
		};
/* End XCBuildConfiguration section */

/* Begin XCConfigurationList section */
		9469A9271AB9BEF7000ECE22 /* Build configuration list for PBXProject "AppCatMusical" */ = {
			isa = XCConfigurationList;
			buildConfigurations = (
				9469A94D1AB9BEF7000ECE22 /* Debug */,
				9469A94E1AB9BEF7000ECE22 /* Release */,
			);
			defaultConfigurationIsVisible = 0;
			defaultConfigurationName = Release;
		};
		9469A94F1AB9BEF7000ECE22 /* Build configuration list for PBXNativeTarget "AppCatMusical" */ = {
			isa = XCConfigurationList;
			buildConfigurations = (
				9469A9501AB9BEF7000ECE22 /* Debug */,
				9469A9511AB9BEF7000ECE22 /* Release */,
			);
			defaultConfigurationIsVisible = 0;
			defaultConfigurationName = Release;
		};
		9469A9521AB9BEF7000ECE22 /* Build configuration list for PBXNativeTarget "AppCatMusicalTests" */ = {
			isa = XCConfigurationList;
			buildConfigurations = (
				9469A9531AB9BEF7000ECE22 /* Debug */,
				9469A9541AB9BEF7000ECE22 /* Release */,
			);
			defaultConfigurationIsVisible = 0;
			defaultConfigurationName = Release;
		};
/* End XCConfigurationList section */
	};
	rootObject = 9469A9241AB9BEF7000ECE22 /* Project object */;
}
